
Microsoft Visual Studio Solution File, Format Version 12.00
Project("{FAE04EC0-301F-11D3-BF4B-00C04F79EFBC}") = "WordGuessr", "WordGuessr\WordGuessr.csproj", "{F7D3A87D-4DFF-4E67-A690-FC8CB4861D76}"
EndProject
Global
	GlobalSection(SolutionConfigurationPlatforms) = preSolution
		Debug|Any CPU = Debug|Any CPU
		Release|Any CPU = Release|Any CPU
	EndGlobalSection
	GlobalSection(ProjectConfigurationPlatforms) = postSolution
		{F7D3A87D-4DFF-4E67-A690-FC8CB4861D76}.Debug|Any CPU.ActiveCfg = Debug|Any CPU
		{F7D3A87D-4DFF-4E67-A690-FC8CB4861D76}.Debug|Any CPU.Build.0 = Debug|Any CPU
		{F7D3A87D-4DFF-4E67-A690-FC8CB4861D76}.Release|Any CPU.ActiveCfg = Release|Any CPU
		{F7D3A87D-4DFF-4E67-A690-FC8CB4861D76}.Release|Any CPU.Build.0 = Release|Any CPU
	EndGlobalSection
EndGlobal
